
Microsoft Visual Studio Solution File, Format Version 12.00
# Visual Studio Version 17
VisualStudioVersion = 17.4.33122.133
MinimumVisualStudioVersion = 10.0.40219.1
Project("{FAE04EC0-301F-11D3-BF4B-00C04F79EFBC}") = "DivideGtCommons", "DivideGtControls\DivideGtCommons.csproj", "{8BFECC29-5119-4B8A-949A-B750698FBEE2}"
EndProject
Project("{9A19103F-16F7-4668-BE54-9A1E7A4F7556}") = "GCManagementApp", "GCManagementApp\GCManagementApp.csproj", "{53AFBC8A-7646-4541-BB1B-8ABE0D5BBF60}"
EndProject
Project("{B7DD6F7E-DEF8-4E67-B5B7-07EF123DB6F0}") = "GcManagementAppSetup", "GcManagementAppSetup\GcManagementAppSetup.wixproj", "{0B8E86E4-D6CE-46C8-89CD-2B970126651E}"
EndProject
Global
	GlobalSection(SolutionConfigurationPlatforms) = preSolution
		Debug|Any CPU = Debug|Any CPU
		Debug|x64 = Debug|x64
		Debug|x86 = Debug|x86
		Release|Any CPU = Release|Any CPU
		Release|x64 = Release|x64
		Release|x86 = Release|x86
	EndGlobalSection
	GlobalSection(ProjectConfigurationPlatforms) = postSolution
		{8BFECC29-5119-4B8A-949A-B750698FBEE2}.Debug|Any CPU.ActiveCfg = Debug|Any CPU
		{8BFECC29-5119-4B8A-949A-B750698FBEE2}.Debug|Any CPU.Build.0 = Debug|Any CPU
		{8BFECC29-5119-4B8A-949A-B750698FBEE2}.Debug|x64.ActiveCfg = Debug|x64
		{8BFECC29-5119-4B8A-949A-B750698FBEE2}.Debug|x64.Build.0 = Debug|x64
		{8BFECC29-5119-4B8A-949A-B750698FBEE2}.Debug|x86.ActiveCfg = Debug|Any CPU
		{8BFECC29-5119-4B8A-949A-B750698FBEE2}.Debug|x86.Build.0 = Debug|Any CPU
		{8BFECC29-5119-4B8A-949A-B750698FBEE2}.Release|Any CPU.ActiveCfg = Release|Any CPU
		{8BFECC29-5119-4B8A-949A-B750698FBEE2}.Release|Any CPU.Build.0 = Release|Any CPU
		{8BFECC29-5119-4B8A-949A-B750698FBEE2}.Release|x64.ActiveCfg = Release|x64
		{8BFECC29-5119-4B8A-949A-B750698FBEE2}.Release|x64.Build.0 = Release|x64
		{8BFECC29-5119-4B8A-949A-B750698FBEE2}.Release|x86.ActiveCfg = Release|Any CPU
		{8BFECC29-5119-4B8A-949A-B750698FBEE2}.Release|x86.Build.0 = Release|Any CPU
		{53AFBC8A-7646-4541-BB1B-8ABE0D5BBF60}.Debug|Any CPU.ActiveCfg = Debug|Any CPU
		{53AFBC8A-7646-4541-BB1B-8ABE0D5BBF60}.Debug|Any CPU.Build.0 = Debug|Any CPU
		{53AFBC8A-7646-4541-BB1B-8ABE0D5BBF60}.Debug|x64.ActiveCfg = Debug|x64
		{53AFBC8A-7646-4541-BB1B-8ABE0D5BBF60}.Debug|x64.Build.0 = Debug|x64
		{53AFBC8A-7646-4541-BB1B-8ABE0D5BBF60}.Debug|x86.ActiveCfg = Debug|Any CPU
		{53AFBC8A-7646-4541-BB1B-8ABE0D5BBF60}.Debug|x86.Build.0 = Debug|Any CPU
		{53AFBC8A-7646-4541-BB1B-8ABE0D5BBF60}.Release|Any CPU.ActiveCfg = Release|Any CPU
		{53AFBC8A-7646-4541-BB1B-8ABE0D5BBF60}.Release|Any CPU.Build.0 = Release|Any CPU
		{53AFBC8A-7646-4541-BB1B-8ABE0D5BBF60}.Release|x64.ActiveCfg = Release|x64
		{53AFBC8A-7646-4541-BB1B-8ABE0D5BBF60}.Release|x64.Build.0 = Release|x64
		{53AFBC8A-7646-4541-BB1B-8ABE0D5BBF60}.Release|x86.ActiveCfg = Release|Any CPU
		{53AFBC8A-7646-4541-BB1B-8ABE0D5BBF60}.Release|x86.Build.0 = Release|Any CPU
		{0B8E86E4-D6CE-46C8-89CD-2B970126651E}.Debug|Any CPU.ActiveCfg = Debug|x86
		{0B8E86E4-D6CE-46C8-89CD-2B970126651E}.Debug|Any CPU.Build.0 = Debug|x86
		{0B8E86E4-D6CE-46C8-89CD-2B970126651E}.Debug|x64.ActiveCfg = Debug|x86
		{0B8E86E4-D6CE-46C8-89CD-2B970126651E}.Debug|x64.Build.0 = Debug|x86
		{0B8E86E4-D6CE-46C8-89CD-2B970126651E}.Debug|x86.ActiveCfg = Debug|x86
		{0B8E86E4-D6CE-46C8-89CD-2B970126651E}.Debug|x86.Build.0 = Debug|x86
		{0B8E86E4-D6CE-46C8-89CD-2B970126651E}.Release|Any CPU.ActiveCfg = Release|x86
		{0B8E86E4-D6CE-46C8-89CD-2B970126651E}.Release|Any CPU.Build.0 = Release|x86
		{0B8E86E4-D6CE-46C8-89CD-2B970126651E}.Release|x64.ActiveCfg = Release|x64
		{0B8E86E4-D6CE-46C8-89CD-2B970126651E}.Release|x64.Build.0 = Release|x64
		{0B8E86E4-D6CE-46C8-89CD-2B970126651E}.Release|x86.ActiveCfg = Release|x86
		{0B8E86E4-D6CE-46C8-89CD-2B970126651E}.Release|x86.Build.0 = Release|x86
	EndGlobalSection
	GlobalSection(SolutionProperties) = preSolution
		HideSolutionNode = FALSE
	EndGlobalSection
	GlobalSection(ExtensibilityGlobals) = postSolution
		SolutionGuid = {8C04D58C-CCAC-4E94-9309-F506786262E1}
	EndGlobalSection
EndGlobal
